# THIS IS AN AUTOGENERATED FILE. DO NOT EDIT THIS FILE DIRECTLY.
# yarn lockfile v1


cssesc@^1.0.1:
  version "1.0.1"
  resolved "https://registry.yarnpkg.com/cssesc/-/cssesc-1.0.1.tgz#ef7bd8d0229ed6a3a7051ff7771265fe7330e0a8"
  integrity sha512-S2hzrpWvE6G/rW7i7IxJfWBYn27QWfOIncUW++8Rbo1VB5zsJDSVPcnI+Q8z7rhxT6/yZeLOCja4cZnghJrNGA==

indexes-of@^1.0.1:
  version "1.0.1"
  resolved "https://registry.yarnpkg.com/indexes-of/-/indexes-of-1.0.1.tgz#f30f716c8e2bd346c7b67d3df3915566a7c05607"
  integrity sha1-8w9xbI4r00bHtn0985FVZqfAVgc=

lodash@^4.17.10:
  version "4.17.11"
  resolved "https://registry.yarnpkg.com/lodash/-/lodash-4.17.11.tgz#b39ea6229ef607ecd89e2c8df12536891cac9b8d"
  integrity sha512-cQKh8igo5QUhZ7lg38DYWAxMvjSAKG0A8wGSVimP07SIUEK2UO+arSRKbRZWtelMtN5V0Hkwh5ryOto/SshYIg==

postcss-media-query-parser@^0.2.3:
  version "0.2.3"
  resolved "https://registry.yarnpkg.com/postcss-media-query-parser/-/postcss-media-query-parser-0.2.3.tgz#27b39c6f4d94f81b1a73b8f76351c609e5cef244"
  integrity sha1-J7Ocb02U+Bsac7j3Y1HGCeXO8kQ=

postcss-resolve-nested-selector@^0.1.1:
  version "0.1.1"
  resolved "https://registry.yarnpkg.com/postcss-resolve-nested-selector/-/postcss-resolve-nested-selector-0.1.1.tgz#29ccbc7c37dedfac304e9fff0bf1596b3f6a0e4e"
  integrity sha1-Kcy8fDfe36wwTp//C/FZaz9qDk4=

postcss-selector-parser@^4.0.0:
  version "4.0.0"
  resolved "https://registry.yarnpkg.com/postcss-selector-parser/-/postcss-selector-parser-4.0.0.tgz#50c6570f40579036d8e63f23e6c0626fe5743527"
  integrity sha512-5h+MvEjnzu1qy6MabjuoPatsGAjjDV9B24e7Cktjl+ClNtjVjmvAXjOFQr1u7RlWULKNGYaYVE4s+DIIQ4bOGA==
  dependencies:
    cssesc "^1.0.1"
    indexes-of "^1.0.1"
    uniq "^1.0.1"

postcss-value-parser@^3.3.0:
  version "3.3.1"
  resolved "https://registry.yarnpkg.com/postcss-value-parser/-/postcss-value-parser-3.3.1.tgz#9ff822547e2893213cf1c30efa51ac5fd1ba8281"
  integrity sha512-pISE66AbVkp4fDQ7VHBwRNXzAAKJjw4Vw7nWI/+Q3vuly7SNfgYXvm6i5IgFylHGK5sP/xHAbB7N49OS4gWNyQ==

stylelint-scss@^3.3.1:
  version "3.3.1"
  resolved "https://registry.yarnpkg.com/stylelint-scss/-/stylelint-scss-3.3.1.tgz#5061bca7cc586eb05972caa31b5e627fa3296235"
  integrity sha512-jPyxkFQh9nk4DIs8lUKCRjlkKSsaqMUQwwZ10Y0fvWB50Lk0QnW6nezhmeYtRR7wZJq8iNTYeYOTyU8chRSoBQ==
  dependencies:
    lodash "^4.17.10"
    postcss-media-query-parser "^0.2.3"
    postcss-resolve-nested-selector "^0.1.1"
    postcss-selector-parser "^4.0.0"
    postcss-value-parser "^3.3.0"

uniq@^1.0.1:
  version "1.0.1"
  resolved "https://registry.yarnpkg.com/uniq/-/uniq-1.0.1.tgz#b31c5ae8254844a3a8281541ce2b04b865a734ff"
  integrity sha1-sxxa6CVIRKOoKBVBzisEuGWnNP8=
